Microsoft Visual Studio Solution File, Format Version 12.00
# Visual Studio Version 17
VisualStudioVersion = 17.5.2.0
MinimumVisualStudioVersion = 10.0.40219.1
Project("{FAE04EC0-301F-11D3-BF4B-00C04F79EFBC}") = "Lecture05", "Lecture05.csproj", "{36659771-4E21-D7E5-4A3E-4B5299E40610}"
EndProject
Global
	GlobalSection(SolutionConfigurationPlatforms) = preSolution
		Debug|Any CPU = Debug|Any CPU
		Release|Any CPU = Release|Any CPU
	EndGlobalSection
	GlobalSection(ProjectConfigurationPlatforms) = postSolution
		{36659771-4E21-D7E5-4A3E-4B5299E40610}.Debug|Any CPU.ActiveCfg = Debug|Any CPU
		{36659771-4E21-D7E5-4A3E-4B5299E40610}.Debug|Any CPU.Build.0 = Debug|Any CPU
		{36659771-4E21-D7E5-4A3E-4B5299E40610}.Release|Any CPU.ActiveCfg = Release|Any CPU
		{36659771-4E21-D7E5-4A3E-4B5299E40610}.Release|Any CPU.Build.0 = Release|Any CPU
	EndGlobalSection
	GlobalSection(SolutionProperties) = preSolution
		HideSolutionNode = FALSE
	EndGlobalSection
	GlobalSection(ExtensibilityGlobals) = postSolution
		SolutionGuid = {F8823B11-DE68-4512-B64B-B28AC80E3574}
	EndGlobalSection
EndGlobal
