
Microsoft Visual Studio Solution File, Format Version 12.00
# Visual Studio Version 17
VisualStudioVersion = 17.0.31903.59
MinimumVisualStudioVersion = 10.0.40219.1
Project("{FAE04EC0-301F-11D3-BF4B-00C04F79EFBC}") = "lecture01", "Lecture01\lecture01.csproj", "{D2A39621-C80E-4369-BBF8-46AECFEB72F8}"
EndProject
Project("{FAE04EC0-301F-11D3-BF4B-00C04F79EFBC}") = "Lecture01.Test", "Lecture01.Test\Lecture01.Test.csproj", "{0E914A8A-563F-4784-8F41-4128A628021C}"
EndProject
Global
	GlobalSection(SolutionConfigurationPlatforms) = preSolution
		Debug|Any CPU = Debug|Any CPU
		Release|Any CPU = Release|Any CPU
	EndGlobalSection
	GlobalSection(SolutionProperties) = preSolution
		HideSolutionNode = FALSE
	EndGlobalSection
	GlobalSection(ProjectConfigurationPlatforms) = postSolution
		{D2A39621-C80E-4369-BBF8-46AECFEB72F8}.Debug|Any CPU.ActiveCfg = Debug|Any CPU
		{D2A39621-C80E-4369-BBF8-46AECFEB72F8}.Debug|Any CPU.Build.0 = Debug|Any CPU
		{D2A39621-C80E-4369-BBF8-46AECFEB72F8}.Release|Any CPU.ActiveCfg = Release|Any CPU
		{D2A39621-C80E-4369-BBF8-46AECFEB72F8}.Release|Any CPU.Build.0 = Release|Any CPU
		{0E914A8A-563F-4784-8F41-4128A628021C}.Debug|Any CPU.ActiveCfg = Debug|Any CPU
		{0E914A8A-563F-4784-8F41-4128A628021C}.Debug|Any CPU.Build.0 = Debug|Any CPU
		{0E914A8A-563F-4784-8F41-4128A628021C}.Release|Any CPU.ActiveCfg = Release|Any CPU
		{0E914A8A-563F-4784-8F41-4128A628021C}.Release|Any CPU.Build.0 = Release|Any CPU
	EndGlobalSection
EndGlobal
