Microsoft Visual Studio Solution File, Format Version 12.00
# Visual Studio Version 17
VisualStudioVersion = 17.5.2.0
MinimumVisualStudioVersion = 10.0.40219.1
Project("{FAE04EC0-301F-11D3-BF4B-00C04F79EFBC}") = "BankSystem", "BankSystem.csproj", "{A6421ECC-ACA3-ADE3-3ADD-56048D3720C1}"
EndProject
Project("{FAE04EC0-301F-11D3-BF4B-00C04F79EFBC}") = "Lecture04", "Lecture04.csproj", "{38CCA1FE-93DC-3BA2-90FD-ED313DB0FE5A}"
EndProject
Global
	GlobalSection(SolutionConfigurationPlatforms) = preSolution
		Debug|Any CPU = Debug|Any CPU
		Release|Any CPU = Release|Any CPU
	EndGlobalSection
	GlobalSection(ProjectConfigurationPlatforms) = postSolution
		{A6421ECC-ACA3-ADE3-3ADD-56048D3720C1}.Debug|Any CPU.ActiveCfg = Debug|Any CPU
		{A6421ECC-ACA3-ADE3-3ADD-56048D3720C1}.Debug|Any CPU.Build.0 = Debug|Any CPU
		{A6421ECC-ACA3-ADE3-3ADD-56048D3720C1}.Release|Any CPU.ActiveCfg = Release|Any CPU
		{A6421ECC-ACA3-ADE3-3ADD-56048D3720C1}.Release|Any CPU.Build.0 = Release|Any CPU
		{38CCA1FE-93DC-3BA2-90FD-ED313DB0FE5A}.Debug|Any CPU.ActiveCfg = Debug|Any CPU
		{38CCA1FE-93DC-3BA2-90FD-ED313DB0FE5A}.Debug|Any CPU.Build.0 = Debug|Any CPU
		{38CCA1FE-93DC-3BA2-90FD-ED313DB0FE5A}.Release|Any CPU.ActiveCfg = Release|Any CPU
		{38CCA1FE-93DC-3BA2-90FD-ED313DB0FE5A}.Release|Any CPU.Build.0 = Release|Any CPU
	EndGlobalSection
	GlobalSection(SolutionProperties) = preSolution
		HideSolutionNode = FALSE
	EndGlobalSection
	GlobalSection(ExtensibilityGlobals) = postSolution
		SolutionGuid = {3FCD0E7C-FF1A-44E9-8518-6F24F87B26A4}
	EndGlobalSection
EndGlobal
