Microsoft Visual Studio Solution File, Format Version 12.00
# Visual Studio Version 17
VisualStudioVersion = 17.5.2.0
MinimumVisualStudioVersion = 10.0.40219.1
Project("{FAE04EC0-301F-11D3-BF4B-00C04F79EFBC}") = "Lecture03", "Lecture03.csproj", "{392498FD-585A-8AC7-8119-BDAB05D69449}"
EndProject
Global
	GlobalSection(SolutionConfigurationPlatforms) = preSolution
		Debug|Any CPU = Debug|Any CPU
		Release|Any CPU = Release|Any CPU
	EndGlobalSection
	GlobalSection(ProjectConfigurationPlatforms) = postSolution
		{392498FD-585A-8AC7-8119-BDAB05D69449}.Debug|Any CPU.ActiveCfg = Debug|Any CPU
		{392498FD-585A-8AC7-8119-BDAB05D69449}.Debug|Any CPU.Build.0 = Debug|Any CPU
		{392498FD-585A-8AC7-8119-BDAB05D69449}.Release|Any CPU.ActiveCfg = Release|Any CPU
		{392498FD-585A-8AC7-8119-BDAB05D69449}.Release|Any CPU.Build.0 = Release|Any CPU
	EndGlobalSection
	GlobalSection(SolutionProperties) = preSolution
		HideSolutionNode = FALSE
	EndGlobalSection
	GlobalSection(ExtensibilityGlobals) = postSolution
		SolutionGuid = {8E28A9E6-8308-4F99-950A-B3AFF3D02358}
	EndGlobalSection
EndGlobal
